
Microsoft Visual Studio Solution File, Format Version 10.00
# Visual Studio 2008
Project("{E24C65DC-7377-472B-9ABA-BC803B73C61A}") = "Shopping", "Shopping\", "{2C98D720-D40E-4123-A2A3-524BD40CCEB7}"
	ProjectSection(WebsiteProperties) = preProject
		TargetFramework = "3.5"
		Debug.AspNetCompiler.VirtualPath = "/Shopping"
		Debug.AspNetCompiler.PhysicalPath = "P:\Project\ISS Projects\code.google.com(ISS)\Shopping\"
		Debug.AspNetCompiler.TargetPath = "PrecompiledWeb\Shopping\"
		Debug.AspNetCompiler.Updateable = "true"
		Debug.AspNetCompiler.ForceOverwrite = "true"
		Debug.AspNetCompiler.FixedNames = "false"
		Debug.AspNetCompiler.Debug = "True"
		Release.AspNetCompiler.VirtualPath = "/Shopping"
		Release.AspNetCompiler.PhysicalPath = "P:\Project\ISS Projects\code.google.com(ISS)\Shopping\"
		Release.AspNetCompiler.TargetPath = "PrecompiledWeb\Shopping\"
		Release.AspNetCompiler.Updateable = "true"
		Release.AspNetCompiler.ForceOverwrite = "true"
		Release.AspNetCompiler.FixedNames = "false"
		Release.AspNetCompiler.Debug = "False"
		VWDPort = "61690"
	EndProjectSection
EndProject
Global
	GlobalSection(SolutionConfigurationPlatforms) = preSolution
		Debug|.NET = Debug|.NET
	EndGlobalSection
	GlobalSection(ProjectConfigurationPlatforms) = postSolution
		{2C98D720-D40E-4123-A2A3-524BD40CCEB7}.Debug|.NET.ActiveCfg = Debug|.NET
		{2C98D720-D40E-4123-A2A3-524BD40CCEB7}.Debug|.NET.Build.0 = Debug|.NET
	EndGlobalSection
	GlobalSection(SolutionProperties) = preSolution
		HideSolutionNode = FALSE
	EndGlobalSection
EndGlobal
